
Microsoft Visual Studio Solution File, Format Version 12.00
# Visual Studio Version 17
VisualStudioVersion = 17.9.34622.214
MinimumVisualStudioVersion = 10.0.40219.1
Project("{FAE04EC0-301F-11D3-BF4B-00C04F79EFBC}") = "BAM", "BAM\BAM.csproj", "{87508A82-5DDA-41B7-AC32-C9FFF82B2C86}"
EndProject
Global
	GlobalSection(SolutionConfigurationPlatforms) = preSolution
		Debug|Any CPU = Debug|Any CPU
		Release|Any CPU = Release|Any CPU
	EndGlobalSection
	GlobalSection(ProjectConfigurationPlatforms) = postSolution
		{87508A82-5DDA-41B7-AC32-C9FFF82B2C86}.Debug|Any CPU.ActiveCfg = Debug|Any CPU
		{87508A82-5DDA-41B7-AC32-C9FFF82B2C86}.Debug|Any CPU.Build.0 = Debug|Any CPU
		{87508A82-5DDA-41B7-AC32-C9FFF82B2C86}.Release|Any CPU.ActiveCfg = Release|Any CPU
		{87508A82-5DDA-41B7-AC32-C9FFF82B2C86}.Release|Any CPU.Build.0 = Release|Any CPU
	EndGlobalSection
	GlobalSection(SolutionProperties) = preSolution
		HideSolutionNode = FALSE
	EndGlobalSection
	GlobalSection(ExtensibilityGlobals) = postSolution
		SolutionGuid = {48CC5D01-4255-48C7-BF00-0B101810210B}
	EndGlobalSection
EndGlobal
